{
  "name": "pico-compad-harness",
  "version": "0.1.0",
  "lockfileVersion": 3,
  "requires": true,
  "packages": {
    "": {
      "name": "pico-compad-harness",
      "version": "0.1.0",
      "license": "GPL-3.0-or-later",
      "dependencies": {
        "@mesmotronic/xpad": "^1.2.2"
      }
    },
    "node_modules/@mesmotronic/xpad": {
      "version": "1.2.2",
      "resolved": "https://registry.npmjs.org/@mesmotronic/xpad/-/xpad-1.2.2.tgz",
      "integrity": "sha512-lazp1bAD72MCstrGhaMOlVjdeOMgQ6uZyoSmSeGqtbYwgdvkLkwx4iVmS8hHn3w2fvSnRuMAZKO9mg2D/Fycpw==",
      "license": "BSD-2-Clause",
      "dependencies": {
        "conbine": "^5.1.1"
      }
    },
    "node_modules/conbine": {
      "version": "5.1.1",
      "resolved": "https://registry.npmjs.org/conbine/-/conbine-5.1.1.tgz",
      "integrity": "sha512-xQy7NXgoDF7NleldhgTEXAv3zY8z0pETVa7r1edomywx9jd1qAaeZguQnlt+IAM1Kzco93Go7LFWN5qREvddEQ==",
      "license": "BSD-3-Clause"
    }
  }
}
